
Microsoft Visual Studio Solution File, Format Version 12.00
# Visual Studio Version 16
VisualStudioVersion = 16.0.31402.337
MinimumVisualStudioVersion = 10.0.40219.1
Project("{FAE04EC0-301F-11D3-BF4B-00C04F79EFBC}") = "HASSAgent", "HASSAgent\HASSAgent.csproj", "{407FFF5A-97EA-429E-BD5E-81D93240A1BD}"
EndProject
Global
	GlobalSection(SolutionConfigurationPlatforms) = preSolution
		Debug|Any CPU = Debug|Any CPU
		Debug|x64 = Debug|x64
		Release|Any CPU = Release|Any CPU
		Release|x64 = Release|x64
	EndGlobalSection
	GlobalSection(ProjectConfigurationPlatforms) = postSolution
		{407FFF5A-97EA-429E-BD5E-81D93240A1BD}.Debug|Any CPU.ActiveCfg = Debug|Any CPU
		{407FFF5A-97EA-429E-BD5E-81D93240A1BD}.Debug|Any CPU.Build.0 = Debug|Any CPU
		{407FFF5A-97EA-429E-BD5E-81D93240A1BD}.Debug|x64.ActiveCfg = Debug|x64
		{407FFF5A-97EA-429E-BD5E-81D93240A1BD}.Debug|x64.Build.0 = Debug|x64
		{407FFF5A-97EA-429E-BD5E-81D93240A1BD}.Release|Any CPU.ActiveCfg = Release|Any CPU
		{407FFF5A-97EA-429E-BD5E-81D93240A1BD}.Release|Any CPU.Build.0 = Release|Any CPU
		{407FFF5A-97EA-429E-BD5E-81D93240A1BD}.Release|x64.ActiveCfg = Release|x64
		{407FFF5A-97EA-429E-BD5E-81D93240A1BD}.Release|x64.Build.0 = Release|x64
	EndGlobalSection
	GlobalSection(SolutionProperties) = preSolution
		HideSolutionNode = FALSE
	EndGlobalSection
	GlobalSection(ExtensibilityGlobals) = postSolution
		SolutionGuid = {7C2BA89F-434B-40F9-93F5-DD62C005ABFE}
		VisualSVNWorkingCopyRoot = .
	EndGlobalSection
EndGlobal
