
Microsoft Visual Studio Solution File, Format Version 12.00
# Visual Studio Version 17
VisualStudioVersion = 17.1.32210.238
MinimumVisualStudioVersion = 10.0.40219.1
Project("{9A19103F-16F7-4668-BE54-9A1E7A4F7556}") = "HASSAgent", "HASSAgent\HASSAgent.csproj", "{F172A9B4-AA7B-4F78-B44A-A2BC0CD52DAA}"
EndProject
Global
	GlobalSection(SolutionConfigurationPlatforms) = preSolution
		Debug|Any CPU = Debug|Any CPU
		Debug|x64 = Debug|x64
		Release|Any CPU = Release|Any CPU
		Release|x64 = Release|x64
	EndGlobalSection
	GlobalSection(ProjectConfigurationPlatforms) = postSolution
		{F172A9B4-AA7B-4F78-B44A-A2BC0CD52DAA}.Debug|Any CPU.ActiveCfg = Debug|Any CPU
		{F172A9B4-AA7B-4F78-B44A-A2BC0CD52DAA}.Debug|Any CPU.Build.0 = Debug|Any CPU
		{F172A9B4-AA7B-4F78-B44A-A2BC0CD52DAA}.Debug|x64.ActiveCfg = Debug|x64
		{F172A9B4-AA7B-4F78-B44A-A2BC0CD52DAA}.Debug|x64.Build.0 = Debug|x64
		{F172A9B4-AA7B-4F78-B44A-A2BC0CD52DAA}.Release|Any CPU.ActiveCfg = Release|Any CPU
		{F172A9B4-AA7B-4F78-B44A-A2BC0CD52DAA}.Release|Any CPU.Build.0 = Release|Any CPU
		{F172A9B4-AA7B-4F78-B44A-A2BC0CD52DAA}.Release|x64.ActiveCfg = Release|x64
		{F172A9B4-AA7B-4F78-B44A-A2BC0CD52DAA}.Release|x64.Build.0 = Release|x64
	EndGlobalSection
	GlobalSection(SolutionProperties) = preSolution
		HideSolutionNode = FALSE
	EndGlobalSection
	GlobalSection(ExtensibilityGlobals) = postSolution
		VisualSVNWorkingCopyRoot = .
		SolutionGuid = {4350BB92-A2B6-4199-B628-AC4EBD1DE959}
	EndGlobalSection
EndGlobal
